
Microsoft Visual Studio Solution File, Format Version 12.00
# Visual Studio Version 16
VisualStudioVersion = 16.0.31424.327
MinimumVisualStudioVersion = 10.0.40219.1
Project("{FAE04EC0-301F-11D3-BF4B-00C04F79EFBC}") = "MultipartParserCore", "MultipartParserCore\MultipartParserCore.csproj", "{D364CCB8-7616-4308-ABEA-239397160227}"
EndProject
Project("{2150E333-8FDC-42A3-9474-1A3956D46DE8}") = "Samples", "Samples", "{B7ACE064-45A6-4DC8-94EF-A3404A139DE4}"
EndProject
Project("{FAE04EC0-301F-11D3-BF4B-00C04F79EFBC}") = "MultipartParserConsoleApp", "MultipartParserConsoleApp\MultipartParserConsoleApp.csproj", "{E3ECE7C0-DE83-4070-AA33-BAD481F09B08}"
EndProject
Global
	GlobalSection(SolutionConfigurationPlatforms) = preSolution
		Debug|Any CPU = Debug|Any CPU
		Release|Any CPU = Release|Any CPU
	EndGlobalSection
	GlobalSection(ProjectConfigurationPlatforms) = postSolution
		{D364CCB8-7616-4308-ABEA-239397160227}.Debug|Any CPU.ActiveCfg = Debug|Any CPU
		{D364CCB8-7616-4308-ABEA-239397160227}.Debug|Any CPU.Build.0 = Debug|Any CPU
		{D364CCB8-7616-4308-ABEA-239397160227}.Release|Any CPU.ActiveCfg = Release|Any CPU
		{D364CCB8-7616-4308-ABEA-239397160227}.Release|Any CPU.Build.0 = Release|Any CPU
		{E3ECE7C0-DE83-4070-AA33-BAD481F09B08}.Debug|Any CPU.ActiveCfg = Debug|Any CPU
		{E3ECE7C0-DE83-4070-AA33-BAD481F09B08}.Debug|Any CPU.Build.0 = Debug|Any CPU
		{E3ECE7C0-DE83-4070-AA33-BAD481F09B08}.Release|Any CPU.ActiveCfg = Release|Any CPU
		{E3ECE7C0-DE83-4070-AA33-BAD481F09B08}.Release|Any CPU.Build.0 = Release|Any CPU
	EndGlobalSection
	GlobalSection(SolutionProperties) = preSolution
		HideSolutionNode = FALSE
	EndGlobalSection
	GlobalSection(NestedProjects) = preSolution
		{E3ECE7C0-DE83-4070-AA33-BAD481F09B08} = {B7ACE064-45A6-4DC8-94EF-A3404A139DE4}
	EndGlobalSection
	GlobalSection(ExtensibilityGlobals) = postSolution
		SolutionGuid = {675F16A3-41AF-45DD-9FB7-877BA7835701}
	EndGlobalSection
EndGlobal
